PODS:
  - AcuantiOSSDKV11/AcuantCommon (11.5.4)
  - AcuantiOSSDKV11/AcuantDocumentProcessing (11.5.4):
    - AcuantiOSSDKV11/AcuantCommon
  - AcuantiOSSDKV11/AcuantFaceMatch (11.5.4):
    - AcuantiOSSDKV11/AcuantCommon
  - AcuantiOSSDKV11/AcuantHGLiveness (11.5.4):
    - AcuantiOSSDKV11/AcuantCommon
  - AcuantiOSSDKV11/AcuantImagePreparation (11.5.4):
    - AcuantiOSSDKV11/AcuantCommon
  - W2SDK/W2DocumentVerificationClient (2.0.0):
    - W2SDKCore (= 2.0.0)
  - W2SDK/W2DocumentVerificationClientCapture (2.0.0):
    - W2SDKCore (= 2.0.0)
  - W2SDK/W2FacialComparisonClient (2.0.0):
    - W2SDKCore (= 2.0.0)
  - W2SDK/W2FacialComparisonClientCapture (2.0.0):
    - W2SDKCore (= 2.0.0)
  - W2SDKCore (2.0.0):
    - AcuantiOSSDKV11/AcuantDocumentProcessing (= 11.5.4)
    - AcuantiOSSDKV11/AcuantFaceMatch (= 11.5.4)
    - AcuantiOSSDKV11/AcuantHGLiveness (= 11.5.4)
    - AcuantiOSSDKV11/AcuantImagePreparation (= 11.5.4)

DEPENDENCIES:
  - W2SDK/W2DocumentVerificationClient (= 2.0.0)
  - W2SDK/W2DocumentVerificationClientCapture (= 2.0.0)
  - W2SDK/W2FacialComparisonClient (= 2.0.0)
  - W2SDK/W2FacialComparisonClientCapture (= 2.0.0)

SPEC REPOS:
  https://github.com/CocoaPods/Specs.git:
    - AcuantiOSSDKV11
  https://github.com/W2-Global-Data/cocoapods-podspecs.git:
    - W2SDK
    - W2SDKCore

SPEC CHECKSUMS:
  AcuantiOSSDKV11: e88f7b2d8ee5c952790ddcef62891abe14a05333
  W2SDK: 6b7e4b7d9806fffe5cfd9f4c2a2f573eb3dfc44b
  W2SDKCore: 24b455d2ea448cb6eeca4b93d0053a2303231089

PODFILE CHECKSUM: 6706327bf7827c6801ff15c9bd2c7863b6da950a

COCOAPODS: 1.10.2
